{
  "name": "@kospa/engine",
  "version": "0.1.0",
  "lockfileVersion": 1,
  "requires": true,
  "dependencies": {
    "@kospa/base": {
      "version": "0.1.4",
      "resolved": "https://registry.npmjs.org/@kospa/base/-/base-0.1.4.tgz",
      "integrity": "sha512-9mMYqWI6gOr2tXPOatO2sTZ2DONtL13g5hoGslV7fq3aNssRACJ1oTBGcw9/NQ9yhobj4BZf1FLU0oj2lB4ZuQ==",
      "requires": {
        "@types/knockout": "github:typed-contrib/knockout#d83ce9a3ad5f2ddaf1044ed9aebe9f410f84d36f",
        "knockout": "3.4.2"
      }
    },
    "@types/knockout": {
      "version": "github:typed-contrib/knockout#d83ce9a3ad5f2ddaf1044ed9aebe9f410f84d36f"
    },
    "knockout": {
      "version": "3.4.2",
      "resolved": "https://registry.npmjs.org/knockout/-/knockout-3.4.2.tgz",
      "integrity": "sha1-6HlY3netHpNvfOZFuri118RW2Tc="
    },
    "typescript": {
      "version": "2.7.2",
      "resolved": "https://registry.npmjs.org/typescript/-/typescript-2.7.2.tgz",
      "integrity": "sha512-p5TCYZDAO0m4G344hD+wx/LATebLWZNkkh2asWUFqSsD2OrDNhbAHuSjobrmsUmdzjJjEeZVU9g1h3O6vpstnw==",
      "dev": true
    }
  }
}
